
Microsoft Visual Studio Solution File, Format Version 12.00
# Visual Studio Version 17
VisualStudioVersion = 17.3.32922.545
MinimumVisualStudioVersion = 10.0.40219.1
Project("{FAE04EC0-301F-11D3-BF4B-00C04F79EFBC}") = "ShopperCity", "ShopperCity\ShopperCity.csproj", "{D645C55A-7126-46BF-A685-417937174A16}"
EndProject
Global
	GlobalSection(SolutionConfigurationPlatforms) = preSolution
		Debug|Any CPU = Debug|Any CPU
		Release|Any CPU = Release|Any CPU
	EndGlobalSection
	GlobalSection(ProjectConfigurationPlatforms) = postSolution
		{D645C55A-7126-46BF-A685-417937174A16}.Debug|Any CPU.ActiveCfg = Debug|Any CPU
		{D645C55A-7126-46BF-A685-417937174A16}.Debug|Any CPU.Build.0 = Debug|Any CPU
		{D645C55A-7126-46BF-A685-417937174A16}.Release|Any CPU.ActiveCfg = Release|Any CPU
		{D645C55A-7126-46BF-A685-417937174A16}.Release|Any CPU.Build.0 = Release|Any CPU
	EndGlobalSection
	GlobalSection(SolutionProperties) = preSolution
		HideSolutionNode = FALSE
	EndGlobalSection
	GlobalSection(ExtensibilityGlobals) = postSolution
		SolutionGuid = {D26FD470-0B5A-4B29-BAC4-C74AB5BDE27A}
	EndGlobalSection
EndGlobal
